
Microsoft Visual Studio Solution File, Format Version 12.00
Project("{2150E333-8FDC-42A3-9474-1A3956D46DE8}") = "src", "src", "{CB39AD13-3110-4B5C-B475-32F13F1C349A}"
EndProject
Project("{FAE04EC0-301F-11D3-BF4B-00C04F79EFBC}") = "TrueCode.Services.Migrator", "TrueCode.Services.Migrator\TrueCode.Services.Migrator.csproj", "{833E91C1-0815-4399-AAE7-1DDB30E8F28F}"
EndProject
Project("{FAE04EC0-301F-11D3-BF4B-00C04F79EFBC}") = "TrueCode.Services.Fetcher", "TrueCode.Services.Fetcher\TrueCode.Services.Fetcher.csproj", "{3C8312AB-406A-4C4B-BA33-A7B71815B655}"
EndProject
Project("{FAE04EC0-301F-11D3-BF4B-00C04F79EFBC}") = "TrueCode.Services.Auth", "TrueCode.Services.Auth\TrueCode.Services.Auth.csproj", "{C8D6FCEA-280F-48C0-AA71-1DA7C5C062D6}"
EndProject
Project("{2150E333-8FDC-42A3-9474-1A3956D46DE8}") = "tests", "tests", "{131A8C7E-BE26-46DB-80AE-B03896C3BEB8}"
EndProject
Project("{FAE04EC0-301F-11D3-BF4B-00C04F79EFBC}") = "TrueCode.Services.Auth.Tests", "TrueCode.Services.Auth.Tests\TrueCode.Services.Auth.Tests.csproj", "{815D9183-7BC1-49EB-BE1F-25C8A8D224AD}"
EndProject
Project("{FAE04EC0-301F-11D3-BF4B-00C04F79EFBC}") = "TrueCode.Services.Currencies", "TrueCode.Services.Currencies\TrueCode.Services.Currencies.csproj", "{1050E7EC-EFC9-4060-8B08-3D5EBC1AB20E}"
EndProject
Global
	GlobalSection(SolutionConfigurationPlatforms) = preSolution
		Debug|Any CPU = Debug|Any CPU
		Release|Any CPU = Release|Any CPU
	EndGlobalSection
	GlobalSection(NestedProjects) = preSolution
		{833E91C1-0815-4399-AAE7-1DDB30E8F28F} = {CB39AD13-3110-4B5C-B475-32F13F1C349A}
		{3C8312AB-406A-4C4B-BA33-A7B71815B655} = {CB39AD13-3110-4B5C-B475-32F13F1C349A}
		{C8D6FCEA-280F-48C0-AA71-1DA7C5C062D6} = {CB39AD13-3110-4B5C-B475-32F13F1C349A}
		{815D9183-7BC1-49EB-BE1F-25C8A8D224AD} = {131A8C7E-BE26-46DB-80AE-B03896C3BEB8}
		{1050E7EC-EFC9-4060-8B08-3D5EBC1AB20E} = {CB39AD13-3110-4B5C-B475-32F13F1C349A}
	EndGlobalSection
	GlobalSection(ProjectConfigurationPlatforms) = postSolution
		{833E91C1-0815-4399-AAE7-1DDB30E8F28F}.Debug|Any CPU.ActiveCfg = Debug|Any CPU
		{833E91C1-0815-4399-AAE7-1DDB30E8F28F}.Debug|Any CPU.Build.0 = Debug|Any CPU
		{833E91C1-0815-4399-AAE7-1DDB30E8F28F}.Release|Any CPU.ActiveCfg = Release|Any CPU
		{833E91C1-0815-4399-AAE7-1DDB30E8F28F}.Release|Any CPU.Build.0 = Release|Any CPU
		{3C8312AB-406A-4C4B-BA33-A7B71815B655}.Debug|Any CPU.ActiveCfg = Debug|Any CPU
		{3C8312AB-406A-4C4B-BA33-A7B71815B655}.Debug|Any CPU.Build.0 = Debug|Any CPU
		{3C8312AB-406A-4C4B-BA33-A7B71815B655}.Release|Any CPU.ActiveCfg = Release|Any CPU
		{3C8312AB-406A-4C4B-BA33-A7B71815B655}.Release|Any CPU.Build.0 = Release|Any CPU
		{C8D6FCEA-280F-48C0-AA71-1DA7C5C062D6}.Debug|Any CPU.ActiveCfg = Debug|Any CPU
		{C8D6FCEA-280F-48C0-AA71-1DA7C5C062D6}.Debug|Any CPU.Build.0 = Debug|Any CPU
		{C8D6FCEA-280F-48C0-AA71-1DA7C5C062D6}.Release|Any CPU.ActiveCfg = Release|Any CPU
		{C8D6FCEA-280F-48C0-AA71-1DA7C5C062D6}.Release|Any CPU.Build.0 = Release|Any CPU
		{815D9183-7BC1-49EB-BE1F-25C8A8D224AD}.Debug|Any CPU.ActiveCfg = Debug|Any CPU
		{815D9183-7BC1-49EB-BE1F-25C8A8D224AD}.Debug|Any CPU.Build.0 = Debug|Any CPU
		{815D9183-7BC1-49EB-BE1F-25C8A8D224AD}.Release|Any CPU.ActiveCfg = Release|Any CPU
		{815D9183-7BC1-49EB-BE1F-25C8A8D224AD}.Release|Any CPU.Build.0 = Release|Any CPU
		{1050E7EC-EFC9-4060-8B08-3D5EBC1AB20E}.Debug|Any CPU.ActiveCfg = Debug|Any CPU
		{1050E7EC-EFC9-4060-8B08-3D5EBC1AB20E}.Debug|Any CPU.Build.0 = Debug|Any CPU
		{1050E7EC-EFC9-4060-8B08-3D5EBC1AB20E}.Release|Any CPU.ActiveCfg = Release|Any CPU
		{1050E7EC-EFC9-4060-8B08-3D5EBC1AB20E}.Release|Any CPU.Build.0 = Release|Any CPU
	EndGlobalSection
EndGlobal
